
Microsoft Visual Studio Solution File, Format Version 12.00
# Visual Studio 15
VisualStudioVersion = 15.0.28307.136
MinimumVisualStudioVersion = 10.0.40219.1
Project("{FAE04EC0-301F-11D3-BF4B-00C04F79EFBC}") = "Diamond square", "Diamond square\Diamond square.csproj", "{C2622A99-4BDF-4280-84E3-6F20144D7A51}"
EndProject
Global
	GlobalSection(SolutionConfigurationPlatforms) = preSolution
		Debug|Any CPU = Debug|Any CPU
		Release|Any CPU = Release|Any CPU
	EndGlobalSection
	GlobalSection(ProjectConfigurationPlatforms) = postSolution
		{C2622A99-4BDF-4280-84E3-6F20144D7A51}.Debug|Any CPU.ActiveCfg = Debug|Any CPU
		{C2622A99-4BDF-4280-84E3-6F20144D7A51}.Debug|Any CPU.Build.0 = Debug|Any CPU
		{C2622A99-4BDF-4280-84E3-6F20144D7A51}.Release|Any CPU.ActiveCfg = Release|Any CPU
		{C2622A99-4BDF-4280-84E3-6F20144D7A51}.Release|Any CPU.Build.0 = Release|Any CPU
	EndGlobalSection
	GlobalSection(SolutionProperties) = preSolution
		HideSolutionNode = FALSE
	EndGlobalSection
	GlobalSection(ExtensibilityGlobals) = postSolution
		SolutionGuid = {E7645D19-52C9-4271-9FE4-DEBDA1927B26}
	EndGlobalSection
EndGlobal
